
Microsoft Visual Studio Solution File, Format Version 9.00
# Visual Studio 2005
Project("{4F174C21-8C12-11D0-8340-0000F80270F8}") = "reports_development", "reports_development\reports_development.dbp", "{5477D8CC-C7F2-4BE2-A6D9-69F8B5B2A460}"
EndProject
Global
	GlobalSection(SolutionProperties) = preSolution
		HideSolutionNode = FALSE
	EndGlobalSection
EndGlobal
